dev.justinjudd.org/justin/easyssh v0.0.0-20160730123631-a842df2410b5 h1:PBfOZj5mhgKUrcwT6xsDR2fyVSyOthZF0T8Ya5gVRUA=
dev.justinjudd.org/justin/easyssh v0.0.0-20160730123631-a842df2410b5/go.mod h1:611zhMZ6P1jH5wy4fV77CtCpqAQIlDrT7SWN9lleylc=
github.com/DerZombiiie/easyssh v0.0.0-20220912141436-c07f77d89da2 h1:OsoNFcnJz4mEPpaM/Q91vJBDzzbpDWbK8vxeooqGX/o=
github.com/DerZombiiie/easyssh v0.0.0-20220912141436-c07f77d89da2/go.mod h1:DSBi1tAMeaSO0ez4HXd06VKWGiF/JtmlSaz0rM+ximI=
github.com/DerZombiiie/easyssh v0.0.0-20220912142518-f5158c627ba6 h1:9W4Z+fwlIYC/Aok+KAEZ9gX59k65hlRd1QAAs/cuUMY=
github.com/DerZombiiie/easyssh v0.0.0-20220912142518-f5158c627ba6/go.mod h1:DSBi1tAMeaSO0ez4HXd06VKWGiF/JtmlSaz0rM+ximI=
github.com/DerZombiiie/easyssh v0.0.0-20220912142947-b3a81bde6a17 h1:hbCl90hK55pr98u42ANTQJPZrPRa4WHAwnKbZP8If/8=
github.com/DerZombiiie/easyssh v0.0.0-20220912142947-b3a81bde6a17/go.mod h1:DSBi1tAMeaSO0ez4HXd06VKWGiF/JtmlSaz0rM+ximI=
github.com/blackjack/webcam v0.0.0-20220329180758-ba064708e165 h1:QsIbRyO2tn5eSJZ/skuDqSTo0GWI5H4G1AT7Mm2H0Nw=
github.com/blackjack/webcam v0.0.0-20220329180758-ba064708e165/go.mod h1:G0X+rEqYPWSq0dG8OMf8M446MtKytzpPjgS3HbdOJZ4=
github.com/go-errors/errors v1.4.2 h1:J6MZopCL4uSllY1OfXM374weqZFFItUbrImctkmUxIA=
github.com/go-errors/errors v1.4.2/go.mod h1:sIVyrIiJhuEF+Pj9Ebtd6P/rEYROXFi3BopGUQ5a5Og=
github.com/kr/pty v1.1.1 h1:VkoXIwSboBpnk99O/KFauAEILuNHv5DVFKZMBN/gUgw=
github.com/kr/pty v1.1.1/go.mod h1:pFQYn66WHrOpPYNljwOMqo10TkYh1fy3cYio2l3bCsQ=
github.com/mattn/go-sqlite3 v1.14.15 h1:vfoHhTN1af61xCRSWzFIWzx2YskyMTwHLrExkBOjvxI=
github.com/mattn/go-sqlite3 v1.14.15/go.mod h1:2eHXhiwb8IkHr+BDWZGa96P6+rkvnG63S2DGjv9HUNg=
github.com/maxhawkins/easyssh v0.0.0-20170204205938-a4ce364b6dd8 h1:ULHkTPFFos8hgmy0FBA/M3eTm2w3lN3fvmSVI0V+hg4=
github.com/maxhawkins/easyssh v0.0.0-20170204205938-a4ce364b6dd8/go.mod h1:+u0DQw+9hzcidIKTwJ7/dDooIT5DNnVXZbQGP+TV/i4=
github.com/webview/webview v0.0.0-20220816141928-2ee04ccd0530 h1:diPvLFzNaRG1c1Qh8s8jWQt/+l8HQs9iQgHvAV4N8q8=
github.com/webview/webview v0.0.0-20220816141928-2ee04ccd0530/go.mod h1:rpXAuuHgyEJb6kXcXldlkOjU6y4x+YcASKKXJNUhh0Y=
golang.org/x/crypto v0.0.0-20220829220503-c86fa9a7ed90 h1:Y/gsMcFOcR+6S6f3YeMKl5g+dZMEWqcz5Czj/GWYbkM=
golang.org/x/crypto v0.0.0-20220829220503-c86fa9a7ed90/go.mod h1:IxCIyHEi3zRg3s0A5j5BB6A9Jmi73HwBIUl50j+osU4=
golang.org/x/sys v0.0.0-20220909162455-aba9fc2a8ff2 h1:wM1k/lXfpc5HdkJJyW9GELpd8ERGdnh8sMGL6Gzq3Ho=
golang.org/x/sys v0.0.0-20220909162455-aba9fc2a8ff2/go.mod h1:oPkhp1MJrh7nUepCBck5+mAzfO9JrbApNNgaTdGDITg=
golang.org/x/term v0.0.0-20201126162022-7de9c90e9dd1 h1:v+OssWQX+hTHEmOBgwxdZxK4zHq3yOs8F9J7mk0PY8E=
